
Microsoft Visual Studio Solution File, Format Version 12.00
# Visual Studio Version 17
VisualStudioVersion = 17.2.32630.192
MinimumVisualStudioVersion = 10.0.40219.1
Project("{FAE04EC0-301F-11D3-BF4B-00C04F79EFBC}") = "QuizWebAPI", "QuizWebAPI\QuizWebAPI.csproj", "{C1E9E4F0-8117-47CA-9A01-3E43E124FBE2}"
EndProject
Global
	GlobalSection(SolutionConfigurationPlatforms) = preSolution
		Debug|Any CPU = Debug|Any CPU
		Release|Any CPU = Release|Any CPU
	EndGlobalSection
	GlobalSection(ProjectConfigurationPlatforms) = postSolution
		{C1E9E4F0-8117-47CA-9A01-3E43E124FBE2}.Debug|Any CPU.ActiveCfg = Debug|Any CPU
		{C1E9E4F0-8117-47CA-9A01-3E43E124FBE2}.Debug|Any CPU.Build.0 = Debug|Any CPU
		{C1E9E4F0-8117-47CA-9A01-3E43E124FBE2}.Release|Any CPU.ActiveCfg = Release|Any CPU
		{C1E9E4F0-8117-47CA-9A01-3E43E124FBE2}.Release|Any CPU.Build.0 = Release|Any CPU
	EndGlobalSection
	GlobalSection(SolutionProperties) = preSolution
		HideSolutionNode = FALSE
	EndGlobalSection
	GlobalSection(ExtensibilityGlobals) = postSolution
		SolutionGuid = {4FD2460A-096B-4680-80A4-15A29FF9A8E8}
	EndGlobalSection
EndGlobal
